{
  "name": "starter",
  "version": "1.0.0",
  "lockfileVersion": 3,
  "requires": true,
  "packages": {
    "": {
      "name": "starter",
      "version": "1.0.0",
      "license": "ISC",
      "dependencies": {
        "leaflet": "^1.9.3",
        "lodash-es": "^4.17.21"
      }
    },
    "node_modules/leaflet": {
      "version": "1.9.3",
      "license": "BSD-2-Clause"
    },
    "node_modules/lodash-es": {
      "version": "4.17.21",
      "license": "MIT"
    }
  }
}
